# This file was autogenerated by Stack.
# You should not edit this file by hand.
# For more information, please see the documentation at:
#   https://docs.haskellstack.org/en/stable/lock_files

packages:
- completed:
    hackage: parsec3-numbers-0.1.0@sha256:2f32295f9f4023f7f97da851549aaaf5e72866e98bf016a1ac3c6e8715bbaf8a,685
    pantry-tree:
      size: 264
      sha256: a3d23f56cc2a9d17ed24ac5119a7b2102d40c0afeed5271f6b41b7597f181df0
  original:
    hackage: parsec3-numbers-0.1.0
- completed:
    hackage: pomaps-0.2.0.1@sha256:b9b50a8d6836decbd249a167682aeaeec637970eeb56af9a93184694f7fac69e,2948
    pantry-tree:
      size: 1036
      sha256: 1f53c725e4d29ef41ad5b590658c3c48853f95d0789adf18bc563cd502cf65a7
  original:
    hackage: pomaps-0.2.0.1
snapshots:
- completed:
    size: 586103
    url: https://raw.githubusercontent.com/commercialhaskell/stackage-snapshots/master/lts/18/19.yaml
    sha256: 32716534fff554b7f90762130fdb985cabf29f157758934dd1c8f3892a646430
  original: lts-18.19
